
Microsoft Visual Studio Solution File, Format Version 12.00
# Visual Studio Version 16
VisualStudioVersion = 16.0.31112.23
MinimumVisualStudioVersion = 10.0.40219.1
Project("{9A19103F-16F7-4668-BE54-9A1E7A4F7556}") = "Demo.ui", "Demo.ui\Demo.ui.csproj", "{75EF684B-0386-46DE-8721-8CCA8836BF6B}"
EndProject
Project("{9A19103F-16F7-4668-BE54-9A1E7A4F7556}") = "Demo.Api", "Demo.Api\Demo.Api.csproj", "{ED8F5432-8D15-48A0-B05E-6391CC3996C0}"
EndProject
Global
	GlobalSection(SolutionConfigurationPlatforms) = preSolution
		Debug|Any CPU = Debug|Any CPU
		Release|Any CPU = Release|Any CPU
	EndGlobalSection
	GlobalSection(ProjectConfigurationPlatforms) = postSolution
		{75EF684B-0386-46DE-8721-8CCA8836BF6B}.Debug|Any CPU.ActiveCfg = Debug|Any CPU
		{75EF684B-0386-46DE-8721-8CCA8836BF6B}.Debug|Any CPU.Build.0 = Debug|Any CPU
		{75EF684B-0386-46DE-8721-8CCA8836BF6B}.Release|Any CPU.ActiveCfg = Release|Any CPU
		{75EF684B-0386-46DE-8721-8CCA8836BF6B}.Release|Any CPU.Build.0 = Release|Any CPU
		{ED8F5432-8D15-48A0-B05E-6391CC3996C0}.Debug|Any CPU.ActiveCfg = Debug|Any CPU
		{ED8F5432-8D15-48A0-B05E-6391CC3996C0}.Debug|Any CPU.Build.0 = Debug|Any CPU
		{ED8F5432-8D15-48A0-B05E-6391CC3996C0}.Release|Any CPU.ActiveCfg = Release|Any CPU
		{ED8F5432-8D15-48A0-B05E-6391CC3996C0}.Release|Any CPU.Build.0 = Release|Any CPU
	EndGlobalSection
	GlobalSection(SolutionProperties) = preSolution
		HideSolutionNode = FALSE
	EndGlobalSection
	GlobalSection(ExtensibilityGlobals) = postSolution
		SolutionGuid = {4C7CB0A8-5824-460B-A730-B2B580FDFC31}
	EndGlobalSection
EndGlobal
